// !$*UTF8*$!
{
	archiveVersion = 1;
	classes = {
	};
	objectVersion = 46;
	objects = {

/* Begin PBXBuildFile section */
		B743B8C01D88FB5B006A052E /* AppDelegate.swift in Sources */ = {isa = PBXBuildFile; fileRef = B743B8BF1D88FB5B006A052E /* AppDelegate.swift */; };
		B743B8C21D88FB5B006A052E /* ViewController.swift in Sources */ = {isa = PBXBuildFile; fileRef = B743B8C11D88FB5B006A052E /* ViewController.swift */; };
		B743B8C51D88FB5B006A052E /* Main.storyboard in Resources */ = {isa = PBXBuildFile; fileRef = B743B8C31D88FB5B006A052E /* Main.storyboard */; };
		B743B8C71D88FB5B006A052E /* Assets.xcassets in Resources */ = {isa = PBXBuildFile; fileRef = B743B8C61D88FB5B006A052E /* Assets.xcassets */; };
		B743B8CA1D88FB5B006A052E /* LaunchScreen.storyboard in Resources */ = {isa = PBXBuildFile; fileRef = B743B8C81D88FB5B006A052E /* LaunchScreen.storyboard */; };
		B743B8D51D88FB5B006A052E /* PokemonTests.swift in Sources */ = {isa = PBXBuildFile; fileRef = B743B8D41D88FB5B006A052E /* PokemonTests.swift */; };
		B743B8E01D88FB5B006A052E /* PokemonUITests.swift in Sources */ = {isa = PBXBuildFile; fileRef = B743B8DF1D88FB5B006A052E /* PokemonUITests.swift */; };
/* End PBXBuildFile section */

/* Begin PBXContainerItemProxy section */
		B743B8D11D88FB5B006A052E /* PBXContainerItemProxy */ = {
			isa = PBXContainerItemProxy;
			containerPortal = B743B8B41D88FB5B006A052E /* Project object */;
			proxyType = 1;
			remoteGlobalIDString = B743B8BB1D88FB5B006A052E;
			remoteInfo = Pokemon;
		};
		B743B8DC1D88FB5B006A052E /* PBXContainerItemProxy */ = {
			isa = PBXContainerItemProxy;
			containerPortal = B743B8B41D88FB5B006A052E /* Project object */;
			proxyType = 1;
			remoteGlobalIDString = B743B8BB1D88FB5B006A052E;
			remoteInfo = Pokemon;
		};
/* End PBXContainerItemProxy section */

/* Begin PBXFileReference section */
		B743B8BC1D88FB5B006A052E /* Pokemon.app */ = {isa = PBXFileReference; explicitFileType = wrapper.application; includeInIndex = 0; path = Pokemon.app; sourceTree = BUILT_PRODUCTS_DIR; };
		B743B8BF1D88FB5B006A052E /* AppDelegate.swift */ = {isa = PBXFileReference; lastKnownFileType = sourcecode.swift; path = AppDelegate.swift; sourceTree = "<group>"; };
		B743B8C11D88FB5B006A052E /* ViewController.swift */ = {isa = PBXFileReference; lastKnownFileType = sourcecode.swift; path = ViewController.swift; sourceTree = "<group>"; };
		B743B8C41D88FB5B006A052E /* Base */ = {isa = PBXFileReference; lastKnownFileType = file.storyboard; name = Base; path = Base.lproj/Main.storyboard; sourceTree = "<group>"; };
		B743B8C61D88FB5B006A052E /* Assets.xcassets */ = {isa = PBXFileReference; lastKnownFileType = folder.assetcatalog; path = Assets.xcassets; sourceTree = "<group>"; };
		B743B8C91D88FB5B006A052E /* Base */ = {isa = PBXFileReference; lastKnownFileType = file.storyboard; name = Base; path = Base.lproj/LaunchScreen.storyboard; sourceTree = "<group>"; };
		B743B8CB1D88FB5B006A052E /* Info.plist */ = {isa = PBXFileReference; lastKnownFileType = text.plist.xml; path = Info.plist; sourceTree = "<group>"; };
		B743B8D01D88FB5B006A052E /* PokemonTests.xctest */ = {isa = PBXFileReference; explicitFileType = wrapper.cfbundle; includeInIndex = 0; path = PokemonTests.xctest; sourceTree = BUILT_PRODUCTS_DIR; };
		B743B8D41D88FB5B006A052E /* PokemonTests.swift */ = {isa = PBXFileReference; lastKnownFileType = sourcecode.swift; path = PokemonTests.swift; sourceTree = "<group>"; };
		B743B8D61D88FB5B006A052E /* Info.plist */ = {isa = PBXFileReference; lastKnownFileType = text.plist.xml; path = Info.plist; sourceTree = "<group>"; };
		B743B8DB1D88FB5B006A052E /* PokemonUITests.xctest */ = {isa = PBXFileReference; explicitFileType = wrapper.cfbundle; includeInIndex = 0; path = PokemonUITests.xctest; sourceTree = BUILT_PRODUCTS_DIR; };
		B743B8DF1D88FB5B006A052E /* PokemonUITests.swift */ = {isa = PBXFileReference; lastKnownFileType = sourcecode.swift; path = PokemonUITests.swift; sourceTree = "<group>"; };
		B743B8E11D88FB5B006A052E /* Info.plist */ = {isa = PBXFileReference; lastKnownFileType = text.plist.xml; path = Info.plist; sourceTree = "<group>"; };
/* End PBXFileReference section */

/* Begin PBXFrameworksBuildPhase section */
		B743B8B91D88FB5B006A052E /* Frameworks */ = {
			isa = PBXFrameworksBuildPhase;
			buildActionMask = 2147483647;
			files = (
			);
			runOnlyForDeploymentPostprocessing = 0;
		};
		B743B8CD1D88FB5B006A052E /* Frameworks */ = {
			isa = PBXFrameworksBuildPhase;
			buildActionMask = 2147483647;
			files = (
			);
			runOnlyForDeploymentPostprocessing = 0;
		};
		B743B8D81D88FB5B006A052E /* Frameworks */ = {
			isa = PBXFrameworksBuildPhase;
			buildActionMask = 2147483647;
			files = (
			);
			runOnlyForDeploymentPostprocessing = 0;
		};
/* End PBXFrameworksBuildPhase section */

/* Begin PBXGroup section */
		B743B8B31D88FB5B006A052E = {
			isa = PBXGroup;
			children = (
				B743B8BE1D88FB5B006A052E /* Pokemon */,
				B743B8D31D88FB5B006A052E /* PokemonTests */,
				B743B8DE1D88FB5B006A052E /* PokemonUITests */,
				B743B8BD1D88FB5B006A052E /* Products */,
			);
			sourceTree = "<group>";
		};
		B743B8BD1D88FB5B006A052E /* Products */ = {
			isa = PBXGroup;
			children = (
				B743B8BC1D88FB5B006A052E /* Pokemon.app */,
				B743B8D01D88FB5B006A052E /* PokemonTests.xctest */,
				B743B8DB1D88FB5B006A052E /* PokemonUITests.xctest */,
			);
			name = Products;
			sourceTree = "<group>";
		};
		B743B8BE1D88FB5B006A052E /* Pokemon */ = {
			isa = PBXGroup;
			children = (
				B743B8BF1D88FB5B006A052E /* AppDelegate.swift */,
				B743B8C11D88FB5B006A052E /* ViewController.swift */,
				B743B8C31D88FB5B006A052E /* Main.storyboard */,
				B743B8C61D88FB5B006A052E /* Assets.xcassets */,
				B743B8C81D88FB5B006A052E /* LaunchScreen.storyboard */,
				B743B8CB1D88FB5B006A052E /* Info.plist */,
			);
			path = Pokemon;
			sourceTree = "<group>";
		};
		B743B8D31D88FB5B006A052E /* PokemonTests */ = {
			isa = PBXGroup;
			children = (
				B743B8D41D88FB5B006A052E /* PokemonTests.swift */,
				B743B8D61D88FB5B006A052E /* Info.plist */,
			);
			path = PokemonTests;
			sourceTree = "<group>";
		};
		B743B8DE1D88FB5B006A052E /* PokemonUITests */ = {
			isa = PBXGroup;
			children = (
				B743B8DF1D88FB5B006A052E /* PokemonUITests.swift */,
				B743B8E11D88FB5B006A052E /* Info.plist */,
			);
			path = PokemonUITests;
			sourceTree = "<group>";
		};
/* End PBXGroup section */

/* Begin PBXNativeTarget section */
		B743B8BB1D88FB5B006A052E /* Pokemon */ = {
			isa = PBXNativeTarget;
			buildConfigurationList = B743B8E41D88FB5B006A052E /* Build configuration list for PBXNativeTarget "Pokemon" */;
			buildPhases = (
				B743B8B81D88FB5B006A052E /* Sources */,
				B743B8B91D88FB5B006A052E /* Frameworks */,
				B743B8BA1D88FB5B006A052E /* Resources */,
			);
			buildRules = (
			);
			dependencies = (
			);
			name = Pokemon;
			productName = Pokemon;
			productReference = B743B8BC1D88FB5B006A052E /* Pokemon.app */;
			productType = "com.apple.product-type.application";
		};
		B743B8CF1D88FB5B006A052E /* PokemonTests */ = {
			isa = PBXNativeTarget;
			buildConfigurationList = B743B8E71D88FB5B006A052E /* Build configuration list for PBXNativeTarget "PokemonTests" */;
			buildPhases = (
				B743B8CC1D88FB5B006A052E /* Sources */,
				B743B8CD1D88FB5B006A052E /* Frameworks */,
				B743B8CE1D88FB5B006A052E /* Resources */,
			);
			buildRules = (
			);
			dependencies = (
				B743B8D21D88FB5B006A052E /* PBXTargetDependency */,
			);
			name = PokemonTests;
			productName = PokemonTests;
			productReference = B743B8D01D88FB5B006A052E /* PokemonTests.xctest */;
			productType = "com.apple.product-type.bundle.unit-test";
		};
		B743B8DA1D88FB5B006A052E /* PokemonUITests */ = {
			isa = PBXNativeTarget;
			buildConfigurationList = B743B8EA1D88FB5B006A052E /* Build configuration list for PBXNativeTarget "PokemonUITests" */;
			buildPhases = (
				B743B8D71D88FB5B006A052E /* Sources */,
				B743B8D81D88FB5B006A052E /* Frameworks */,
				B743B8D91D88FB5B006A052E /* Resources */,
			);
			buildRules = (
			);
			dependencies = (
				B743B8DD1D88FB5B006A052E /* PBXTargetDependency */,
			);
			name = PokemonUITests;
			productName = PokemonUITests;
			productReference = B743B8DB1D88FB5B006A052E /* PokemonUITests.xctest */;
			productType = "com.apple.product-type.bundle.ui-testing";
		};
/* End PBXNativeTarget section */

/* Begin PBXProject section */
		B743B8B41D88FB5B006A052E /* Project object */ = {
			isa = PBXProject;
			attributes = {
				LastSwiftUpdateCheck = 0800;
				LastUpgradeCheck = 0800;
				ORGANIZATIONNAME = "Jesus Fabian";
				TargetAttributes = {
					B743B8BB1D88FB5B006A052E = {
						CreatedOnToolsVersion = 8.0;
						DevelopmentTeam = U3465V32BF;
						ProvisioningStyle = Automatic;
					};
					B743B8CF1D88FB5B006A052E = {
						CreatedOnToolsVersion = 8.0;
						DevelopmentTeam = U3465V32BF;
						ProvisioningStyle = Automatic;
						TestTargetID = B743B8BB1D88FB5B006A052E;
					};
					B743B8DA1D88FB5B006A052E = {
						CreatedOnToolsVersion = 8.0;
						DevelopmentTeam = U3465V32BF;
						ProvisioningStyle = Automatic;
						TestTargetID = B743B8BB1D88FB5B006A052E;
					};
				};
			};
			buildConfigurationList = B743B8B71D88FB5B006A052E /* Build configuration list for PBXProject "Pokemon" */;
			compatibilityVersion = "Xcode 3.2";
			developmentRegion = English;
			hasScannedForEncodings = 0;
			knownRegions = (
				en,
				Base,
			);
			mainGroup = B743B8B31D88FB5B006A052E;
			productRefGroup = B743B8BD1D88FB5B006A052E /* Products */;
			projectDirPath = "";
			projectRoot = "";
			targets = (
				B743B8BB1D88FB5B006A052E /* Pokemon */,
				B743B8CF1D88FB5B006A052E /* PokemonTests */,
				B743B8DA1D88FB5B006A052E /* PokemonUITests */,
			);
		};
/* End PBXProject section */

/* Begin PBXResourcesBuildPhase section */
		B743B8BA1D88FB5B006A052E /* Resources */ = {
			isa = PBXResourcesBuildPhase;
			buildActionMask = 2147483647;
			files = (
				B743B8CA1D88FB5B006A052E /* LaunchScreen.storyboard in Resources */,
				B743B8C71D88FB5B006A052E /* Assets.xcassets in Resources */,
				B743B8C51D88FB5B006A052E /* Main.storyboard in Resources */,
			);
			runOnlyForDeploymentPostprocessing = 0;
		};
		B743B8CE1D88FB5B006A052E /* Resources */ = {
			isa = PBXResourcesBuildPhase;
			buildActionMask = 2147483647;
			files = (
			);
			runOnlyForDeploymentPostprocessing = 0;
		};
		B743B8D91D88FB5B006A052E /* Resources */ = {
			isa = PBXResourcesBuildPhase;
			buildActionMask = 2147483647;
			files = (
			);
			runOnlyForDeploymentPostprocessing = 0;
		};
/* End PBXResourcesBuildPhase section */

/* Begin PBXSourcesBuildPhase section */
		B743B8B81D88FB5B006A052E /* Sources */ = {
			isa = PBXSourcesBuildPhase;
			buildActionMask = 2147483647;
			files = (
				B743B8C21D88FB5B006A052E /* ViewController.swift in Sources */,
				B743B8C01D88FB5B006A052E /* AppDelegate.swift in Sources */,
			);
			runOnlyForDeploymentPostprocessing = 0;
		};
		B743B8CC1D88FB5B006A052E /* Sources */ = {
			isa = PBXSourcesBuildPhase;
			buildActionMask = 2147483647;
			files = (
				B743B8D51D88FB5B006A052E /* PokemonTests.swift in Sources */,
			);
			runOnlyForDeploymentPostprocessing = 0;
		};
		B743B8D71D88FB5B006A052E /* Sources */ = {
			isa = PBXSourcesBuildPhase;
			buildActionMask = 2147483647;
			files = (
				B743B8E01D88FB5B006A052E /* PokemonUITests.swift in Sources */,
			);
			runOnlyForDeploymentPostprocessing = 0;
		};
/* End PBXSourcesBuildPhase section */

/* Begin PBXTargetDependency section */
		B743B8D21D88FB5B006A052E /* PBXTargetDependency */ = {
			isa = PBXTargetDependency;
			target = B743B8BB1D88FB5B006A052E /* Pokemon */;
			targetProxy = B743B8D11D88FB5B006A052E /* PBXContainerItemProxy */;
		};
		B743B8DD1D88FB5B006A052E /* PBXTargetDependency */ = {
			isa = PBXTargetDependency;
			target = B743B8BB1D88FB5B006A052E /* Pokemon */;
			targetProxy = B743B8DC1D88FB5B006A052E /* PBXContainerItemProxy */;
		};
/* End PBXTargetDependency section */

/* Begin PBXVariantGroup section */
		B743B8C31D88FB5B006A052E /* Main.storyboard */ = {
			isa = PBXVariantGroup;
			children = (
				B743B8C41D88FB5B006A052E /* Base */,
			);
			name = Main.storyboard;
			sourceTree = "<group>";
		};
		B743B8C81D88FB5B006A052E /* LaunchScreen.storyboard */ = {
			isa = PBXVariantGroup;
			children = (
				B743B8C91D88FB5B006A052E /* Base */,
			);
			name = LaunchScreen.storyboard;
			sourceTree = "<group>";
		};
/* End PBXVariantGroup section */

/* Begin XCBuildConfiguration section */
		B743B8E21D88FB5B006A052E /* Debug */ = {
			isa = XCBuildConfiguration;
			buildSettings = {
				ALWAYS_SEARCH_USER_PATHS = NO;
				CLANG_ANALYZER_NONNULL = YES;
				CLANG_CXX_LANGUAGE_STANDARD = "gnu++0x";
				CLANG_CXX_LIBRARY = "libc++";
				CLANG_ENABLE_MODULES = YES;
				CLANG_ENABLE_OBJC_ARC = YES;
				CLANG_WARN_BOOL_CONVERSION = YES;
				CLANG_WARN_CONSTANT_CONVERSION = YES;
				CLANG_WARN_DIRECT_OBJC_ISA_USAGE = YES_ERROR;
				CLANG_WARN_DOCUMENTATION_COMMENTS = YES;
				CLANG_WARN_EMPTY_BODY = YES;
				CLANG_WARN_ENUM_CONVERSION = YES;
				CLANG_WARN_INFINITE_RECURSION = YES;
				CLANG_WARN_INT_CONVERSION = YES;
				CLANG_WARN_OBJC_ROOT_CLASS = YES_ERROR;
				CLANG_WARN_SUSPICIOUS_MOVES = YES;
				CLANG_WARN_UNREACHABLE_CODE = YES;
				CLANG_WARN__DUPLICATE_METHOD_MATCH = YES;
				"CODE_SIGN_IDENTITY[sdk=iphoneos*]" = "iPhone Developer";
				COPY_PHASE_STRIP = NO;
				DEBUG_INFORMATION_FORMAT = dwarf;
				ENABLE_STRICT_OBJC_MSGSEND = YES;
				ENABLE_TESTABILITY = YES;
				GCC_C_LANGUAGE_STANDARD = gnu99;
				GCC_DYNAMIC_NO_PIC = NO;
				GCC_NO_COMMON_BLOCKS = YES;
				GCC_OPTIMIZATION_LEVEL = 0;
				GCC_PREPROCESSOR_DEFINITIONS = (
					"DEBUG=1",
					"$(inherited)",
				);
				GCC_WARN_64_TO_32_BIT_CONVERSION = YES;
				GCC_WARN_ABOUT_RETURN_TYPE = YES_ERROR;
				GCC_WARN_UNDECLARED_SELECTOR = YES;
				GCC_WARN_UNINITIALIZED_AUTOS = YES_AGGRESSIVE;
				GCC_WARN_UNUSED_FUNCTION = YES;
				GCC_WARN_UNUSED_VARIABLE = YES;
				IPHONEOS_DEPLOYMENT_TARGET = 10.0;
				MTL_ENABLE_DEBUG_INFO = YES;
				ONLY_ACTIVE_ARCH = YES;
				SDKROOT = iphoneos;
				SWIFT_ACTIVE_COMPILATION_CONDITIONS = DEBUG;
				SWIFT_OPTIMIZATION_LEVEL = "-Onone";
				TARGETED_DEVICE_FAMILY = "1,2";
			};
			name = Debug;
		};
		B743B8E31D88FB5B006A052E /* Release */ = {
			isa = XCBuildConfiguration;
			buildSettings = {
				ALWAYS_SEARCH_USER_PATHS = NO;
				CLANG_ANALYZER_NONNULL = YES;
				CLANG_CXX_LANGUAGE_STANDARD = "gnu++0x";
				CLANG_CXX_LIBRARY = "libc++";
				CLANG_ENABLE_MODULES = YES;
				CLANG_ENABLE_OBJC_ARC = YES;
				CLANG_WARN_BOOL_CONVERSION = YES;
				CLANG_WARN_CONSTANT_CONVERSION = YES;
				CLANG_WARN_DIRECT_OBJC_ISA_USAGE = YES_ERROR;
				CLANG_WARN_DOCUMENTATION_COMMENTS = YES;
				CLANG_WARN_EMPTY_BODY = YES;
				CLANG_WARN_ENUM_CONVERSION = YES;
				CLANG_WARN_INFINITE_RECURSION = YES;
				CLANG_WARN_INT_CONVERSION = YES;
				CLANG_WARN_OBJC_ROOT_CLASS = YES_ERROR;
				CLANG_WARN_SUSPICIOUS_MOVES = YES;
				CLANG_WARN_UNREACHABLE_CODE = YES;
				CLANG_WARN__DUPLICATE_METHOD_MATCH = YES;
				"CODE_SIGN_IDENTITY[sdk=iphoneos*]" = "iPhone Developer";
				COPY_PHASE_STRIP = NO;
				DEBUG_INFORMATION_FORMAT = "dwarf-with-dsym";
				ENABLE_NS_ASSERTIONS = NO;
				ENABLE_STRICT_OBJC_MSGSEND = YES;
				GCC_C_LANGUAGE_STANDARD = gnu99;
				GCC_NO_COMMON_BLOCKS = YES;
				GCC_WARN_64_TO_32_BIT_CONVERSION = YES;
				GCC_WARN_ABOUT_RETURN_TYPE = YES_ERROR;
				GCC_WARN_UNDECLARED_SELECTOR = YES;
				GCC_WARN_UNINITIALIZED_AUTOS = YES_AGGRESSIVE;
				GCC_WARN_UNUSED_FUNCTION = YES;
				GCC_WARN_UNUSED_VARIABLE = YES;
				IPHONEOS_DEPLOYMENT_TARGET = 10.0;
				MTL_ENABLE_DEBUG_INFO = NO;
				SDKROOT = iphoneos;
				SWIFT_OPTIMIZATION_LEVEL = "-Owholemodule";
				TARGETED_DEVICE_FAMILY = "1,2";
				VALIDATE_PRODUCT = YES;
			};
			name = Release;
		};
		B743B8E51D88FB5B006A052E /* Debug */ = {
			isa = XCBuildConfiguration;
			buildSettings = {
				ASSETCATALOG_COMPILER_APPICON_NAME = AppIcon;
				DEVELOPMENT_TEAM = U3465V32BF;
				INFOPLIST_FILE = Pokemon/Info.plist;
				LD_RUNPATH_SEARCH_PATHS = "$(inherited) @executable_path/Frameworks";
				PRODUCT_BUNDLE_IDENTIFIER = com.jesusfabian.Pokemon;
				PRODUCT_NAME = "$(TARGET_NAME)";
				SWIFT_VERSION = 3.0;
			};
			name = Debug;
		};
		B743B8E61D88FB5B006A052E /* Release */ = {
			isa = XCBuildConfiguration;
			buildSettings = {
				ASSETCATALOG_COMPILER_APPICON_NAME = AppIcon;
				DEVELOPMENT_TEAM = U3465V32BF;
				INFOPLIST_FILE = Pokemon/Info.plist;
				LD_RUNPATH_SEARCH_PATHS = "$(inherited) @executable_path/Frameworks";
				PRODUCT_BUNDLE_IDENTIFIER = com.jesusfabian.Pokemon;
				PRODUCT_NAME = "$(TARGET_NAME)";
				SWIFT_VERSION = 3.0;
			};
			name = Release;
		};
		B743B8E81D88FB5B006A052E /* Debug */ = {
			isa = XCBuildConfiguration;
			buildSettings = {
				ALWAYS_EMBED_SWIFT_STANDARD_LIBRARIES = YES;
				BUNDLE_LOADER = "$(TEST_HOST)";
				DEVELOPMENT_TEAM = U3465V32BF;
				INFOPLIST_FILE = PokemonTests/Info.plist;
				LD_RUNPATH_SEARCH_PATHS = "$(inherited) @executable_path/Frameworks @loader_path/Frameworks";
				PRODUCT_BUNDLE_IDENTIFIER = com.jesusfabian.PokemonTests;
				PRODUCT_NAME = "$(TARGET_NAME)";
				SWIFT_VERSION = 3.0;
				TEST_HOST = "$(BUILT_PRODUCTS_DIR)/Pokemon.app/Pokemon";
			};
			name = Debug;
		};
		B743B8E91D88FB5B006A052E /* Release */ = {
			isa = XCBuildConfiguration;
			buildSettings = {
				ALWAYS_EMBED_SWIFT_STANDARD_LIBRARIES = YES;
				BUNDLE_LOADER = "$(TEST_HOST)";
				DEVELOPMENT_TEAM = U3465V32BF;
				INFOPLIST_FILE = PokemonTests/Info.plist;
				LD_RUNPATH_SEARCH_PATHS = "$(inherited) @executable_path/Frameworks @loader_path/Frameworks";
				PRODUCT_BUNDLE_IDENTIFIER = com.jesusfabian.PokemonTests;
				PRODUCT_NAME = "$(TARGET_NAME)";
				SWIFT_VERSION = 3.0;
				TEST_HOST = "$(BUILT_PRODUCTS_DIR)/Pokemon.app/Pokemon";
			};
			name = Release;
		};
		B743B8EB1D88FB5B006A052E /* Debug */ = {
			isa = XCBuildConfiguration;
			buildSettings = {
				ALWAYS_EMBED_SWIFT_STANDARD_LIBRARIES = YES;
				DEVELOPMENT_TEAM = U3465V32BF;
				INFOPLIST_FILE = PokemonUITests/Info.plist;
				LD_RUNPATH_SEARCH_PATHS = "$(inherited) @executable_path/Frameworks @loader_path/Frameworks";
				PRODUCT_BUNDLE_IDENTIFIER = com.jesusfabian.PokemonUITests;
				PRODUCT_NAME = "$(TARGET_NAME)";
				SWIFT_VERSION = 3.0;
				TEST_TARGET_NAME = Pokemon;
			};
			name = Debug;
		};
		B743B8EC1D88FB5B006A052E /* Release */ = {
			isa = XCBuildConfiguration;
			buildSettings = {
				ALWAYS_EMBED_SWIFT_STANDARD_LIBRARIES = YES;
				DEVELOPMENT_TEAM = U3465V32BF;
				INFOPLIST_FILE = PokemonUITests/Info.plist;
				LD_RUNPATH_SEARCH_PATHS = "$(inherited) @executable_path/Frameworks @loader_path/Frameworks";
				PRODUCT_BUNDLE_IDENTIFIER = com.jesusfabian.PokemonUITests;
				PRODUCT_NAME = "$(TARGET_NAME)";
				SWIFT_VERSION = 3.0;
				TEST_TARGET_NAME = Pokemon;
			};
			name = Release;
		};
/* End XCBuildConfiguration section */

/* Begin XCConfigurationList section */
		B743B8B71D88FB5B006A052E /* Build configuration list for PBXProject "Pokemon" */ = {
			isa = XCConfigurationList;
			buildConfigurations = (
				B743B8E21D88FB5B006A052E /* Debug */,
				B743B8E31D88FB5B006A052E /* Release */,
			);
			defaultConfigurationIsVisible = 0;
			defaultConfigurationName = Release;
		};
		B743B8E41D88FB5B006A052E /* Build configuration list for PBXNativeTarget "Pokemon" */ = {
			isa = XCConfigurationList;
			buildConfigurations = (
				B743B8E51D88FB5B006A052E /* Debug */,
				B743B8E61D88FB5B006A052E /* Release */,
			);
			defaultConfigurationIsVisible = 0;
		};
		B743B8E71D88FB5B006A052E /* Build configuration list for PBXNativeTarget "PokemonTests" */ = {
			isa = XCConfigurationList;
			buildConfigurations = (
				B743B8E81D88FB5B006A052E /* Debug */,
				B743B8E91D88FB5B006A052E /* Release */,
			);
			defaultConfigurationIsVisible = 0;
		};
		B743B8EA1D88FB5B006A052E /* Build configuration list for PBXNativeTarget "PokemonUITests" */ = {
			isa = XCConfigurationList;
			buildConfigurations = (
				B743B8EB1D88FB5B006A052E /* Debug */,
				B743B8EC1D88FB5B006A052E /* Release */,
			);
			defaultConfigurationIsVisible = 0;
		};
/* End XCConfigurationList section */
	};
	rootObject = B743B8B41D88FB5B006A052E /* Project object */;
}
